
Microsoft Visual Studio Solution File, Format Version 12.00
# Visual Studio Version 16
VisualStudioVersion = 16.0.37530.7
MinimumVisualStudioVersion = 10.0.40219.1
Project("{FAE04EC0-301F-11D3-BF4B-00C04F79EFBC}") = "RMCERPAPI", "RMCERPAPI\RMCERPAPI.csproj", "{0DFA3223-74FA-4BEA-8F89-974A2802E09A}"
EndProject
Global
	GlobalSection(SolutionConfigurationPlatforms) = preSolution
		Debug|Any CPU = Debug|Any CPU
		Release|Any CPU = Release|Any CPU
	EndGlobalSection
	GlobalSection(ProjectConfigurationPlatforms) = postSolution
		{0DFA3223-74FA-4BEA-8F89-974A2802E09A}.Debug|Any CPU.ActiveCfg = Debug|Any CPU
		{0DFA3223-74FA-4BEA-8F89-974A2802E09A}.Debug|Any CPU.Build.0 = Debug|Any CPU
		{0DFA3223-74FA-4BEA-8F89-974A2802E09A}.Release|Any CPU.ActiveCfg = Release|Any CPU
		{0DFA3223-74FA-4BEA-8F89-974A2802E09A}.Release|Any CPU.Build.0 = Release|Any CPU
	EndGlobalSection
	GlobalSection(SolutionProperties) = preSolution
		HideSolutionNode = FALSE
	EndGlobalSection
	GlobalSection(ExtensibilityGlobals) = postSolution
		SolutionGuid = {A30CB8E3-C46E-4A83-AB72-97DB3AE64EE0}
	EndGlobalSection
EndGlobal
